
Microsoft Visual Studio Solution File, Format Version 12.00
# Visual Studio 15
VisualStudioVersion = 15.0.36530.23
MinimumVisualStudioVersion = 10.0.40219.1
Project("{FAE04EC0-301F-11D3-BF4B-00C04F79EFBC}") = "AzStorageAccMVCAppDec12", "AzStorageAccMVCAppDec12\AzStorageAccMVCAppDec12.csproj", "{203F074B-5615-4B10-BD3F-85B3C179181A}"
EndProject
Global
	GlobalSection(SolutionConfigurationPlatforms) = preSolution
		Debug|Any CPU = Debug|Any CPU
		Release|Any CPU = Release|Any CPU
	EndGlobalSection
	GlobalSection(ProjectConfigurationPlatforms) = postSolution
		{203F074B-5615-4B10-BD3F-85B3C179181A}.Debug|Any CPU.ActiveCfg = Debug|Any CPU
		{203F074B-5615-4B10-BD3F-85B3C179181A}.Debug|Any CPU.Build.0 = Debug|Any CPU
		{203F074B-5615-4B10-BD3F-85B3C179181A}.Release|Any CPU.ActiveCfg = Release|Any CPU
		{203F074B-5615-4B10-BD3F-85B3C179181A}.Release|Any CPU.Build.0 = Release|Any CPU
	EndGlobalSection
	GlobalSection(SolutionProperties) = preSolution
		HideSolutionNode = FALSE
	EndGlobalSection
	GlobalSection(ExtensibilityGlobals) = postSolution
		SolutionGuid = {B0C48853-CEE1-4B70-B193-D3A7A6DDDBCE}
	EndGlobalSection
EndGlobal
